DEPENDENCIES
  apt
  rundeck-sql
    path: .
    metadata: true
  rundeck-sql_test
    path: test/cookbooks/rundeck-sql_test

GRAPH
  apache2 (1.9.6)
    iptables (>= 0.0.0)
    logrotate (>= 0.0.0)
    pacman (>= 0.0.0)
  apt (2.6.0)
  balanced-citadel (1.0.2)
    citadel (>= 0.0.0)
  balanced-collectd (1.0.7)
    balanced-rsyslog (~> 1.0)
    build-essential (~> 2.0)
    citadel (~> 1.0)
    collectd (~> 1.0)
    logrotate (~> 1.4)
    python (~> 1.4)
  balanced-postgresql (1.2.20)
    balanced-citadel (~> 1.0)
    balanced-collectd (~> 1.0)
    balanced-python (~> 1.0)
    balanced-rsyslog (~> 1.0)
    logrotate (~> 1.4)
    postgresql (~> 99.13.1)
    python (~> 1.4)
    xml (~> 1.2.2)
  balanced-python (1.0.0)
    python (>= 0.0.0)
  balanced-rsyslog (1.0.2)
    logrotate (~> 1.2)
    rsyslog (~> 1.9)
  build-essential (2.1.2)
  chef_handler (1.1.6)
  citadel (1.0.2)
  collectd (1.0.5)
    apache2 (>= 0.0.0)
  dmg (2.2.0)
  git (4.0.2)
    build-essential (>= 0.0.0)
    dmg (>= 0.0.0)
    runit (>= 1.0.0)
    windows (>= 0.0.0)
    yum (~> 3.0)
    yum-epel (>= 0.0.0)
  iptables (0.13.2)
  java (1.28.0)
  logrotate (1.5.0)
  pacman (1.1.1)
  poise (1.0.10)
  postfix (3.1.6)
  postgresql (99.13.1)
    apt (>= 1.9.0)
  python (1.4.6)
    build-essential (>= 0.0.0)
    yum-epel (>= 0.0.0)
  rsyslog (1.12.2)
  rundeck (99.1.26)
    apt (>= 0.0.0)
    java (>= 0.0.0)
    poise (>= 0.0.0)
    runit (>= 0.0.0)
    yum (>= 0.0.0)
  rundeck-sql (1.0.14)
    balanced-citadel (>= 0.0.0)
    balanced-postgresql (>= 0.0.0)
    git (>= 0.0.0)
    postfix (>= 0.0.0)
    rundeck (~> 99.1)
  rundeck-sql_test (0.0.0)
    rundeck-sql (>= 0.0.0)
  runit (1.5.10)
    build-essential (>= 0.0.0)
    yum (~> 3.0)
    yum-epel (>= 0.0.0)
  windows (1.31.0)
    chef_handler (>= 0.0.0)
  xml (1.2.2)
    build-essential (>= 0.0.0)
  yum (3.4.1)
  yum-epel (0.5.2)
    yum (~> 3.0)
